
Microsoft Visual Studio Solution File, Format Version 12.00
# Visual Studio Version 17
VisualStudioVersion = 17.4.33110.190
MinimumVisualStudioVersion = 10.0.40219.1
Project("{FAE04EC0-301F-11D3-BF4B-00C04F79EFBC}") = "GebruikerProfiel", "GebruikerProfiel\GebruikerProfiel.csproj", "{6AE5C43C-5CF6-469E-A551-BEC024D5E3C8}"
EndProject
Global
	GlobalSection(SolutionConfigurationPlatforms) = preSolution
		Debug|Any CPU = Debug|Any CPU
		Release|Any CPU = Release|Any CPU
	EndGlobalSection
	GlobalSection(ProjectConfigurationPlatforms) = postSolution
		{6AE5C43C-5CF6-469E-A551-BEC024D5E3C8}.Debug|Any CPU.ActiveCfg = Debug|Any CPU
		{6AE5C43C-5CF6-469E-A551-BEC024D5E3C8}.Debug|Any CPU.Build.0 = Debug|Any CPU
		{6AE5C43C-5CF6-469E-A551-BEC024D5E3C8}.Release|Any CPU.ActiveCfg = Release|Any CPU
		{6AE5C43C-5CF6-469E-A551-BEC024D5E3C8}.Release|Any CPU.Build.0 = Release|Any CPU
	EndGlobalSection
	GlobalSection(SolutionProperties) = preSolution
		HideSolutionNode = FALSE
	EndGlobalSection
	GlobalSection(ExtensibilityGlobals) = postSolution
		SolutionGuid = {D1E51059-38A7-4274-B87B-B55CBBFAD80D}
	EndGlobalSection
EndGlobal
